{
	"name": "feathers-vuex",
	"version": "4.0.0-pre-1",
	"lockfileVersion": 1,
	"requires": true,
	"dependencies": {
		"@types/feathersjs__feathers": {
			"version": "3.1.7",
			"resolved": "https://registry.npmjs.org/@types/feathersjs__feathers/-/feathersjs__feathers-3.1.7.tgz",
			"integrity": "sha512-q5B8ACiL2YgjOH5YFWmRpDUBududrK/XRe3oeYVua/JUu88WQI3HC2ka3/3wdTN3B7IDkveWXLeKOyW3vee8dw==",
			"requires": {
				"@types/node": "*"
			}
		},
		"@types/node": {
			"version": "14.14.10",
			"resolved": "https://registry.npmjs.org/@types/node/-/node-14.14.10.tgz",
			"integrity": "sha512-J32dgx2hw8vXrSbu4ZlVhn1Nm3GbeCFNw2FWL8S5QKucHGY0cyNwjdQdO+KMBZ4wpmC7KhLCiNsdk1RFRIYUQQ=="
		}
	}
}
