# THIS IS AN AUTOGENERATED FILE. DO NOT EDIT THIS FILE DIRECTLY.
# yarn lockfile v1


"@feathersjs/adapter-commons@^4.5.2":
  version "4.5.7"
  resolved "https://registry.yarnpkg.com/@feathersjs/adapter-commons/-/adapter-commons-4.5.7.tgz#8808bd0392a63713f1a7bead44a2910fcebf8152"
  integrity sha512-968FYEeX5S790dhhPf/u1RBhh8824jW6fRb0bmWqGpzjEkC7dNJ9+m+j3/Gduh1cPGL1a6Nf5sXkkMEFWDJ4tw==
  dependencies:
    "@feathersjs/commons" "^4.5.8"
    "@feathersjs/errors" "^4.5.8"
    "@feathersjs/feathers" "^4.5.8"

"@feathersjs/commons@^4.5.10", "@feathersjs/commons@^4.5.3", "@feathersjs/commons@^4.5.8":
  version "4.5.10"
  resolved "https://registry.yarnpkg.com/@feathersjs/commons/-/commons-4.5.10.tgz#e2dc526ce44f8e32c88fbb7bc3b89670e2781622"
  integrity sha512-3d6HaknbSY3fuA+BIrIxQhxGlA7EKCmH4YK3KR+f2cg7vZYHNEl+Cf5XC2fP2V7kWrdVgLy2AeB3t6oxCIFGtQ==

"@feathersjs/errors@^4.5.3", "@feathersjs/errors@^4.5.8":
  version "4.5.10"
  resolved "https://registry.yarnpkg.com/@feathersjs/errors/-/errors-4.5.10.tgz#d85a485aec7aaab0a62b05d4f292c09836d93a3f"
  integrity sha512-IhPOpvKuyv2qEQG/A62MLbciRxZnjcshX5fgHRUUlPusWsBj/XU/TtVgakZVQiJ6SvprIi/IsGzAAHyquPQMuQ==
  dependencies:
    debug "^4.2.0"

"@feathersjs/feathers@^4.5.8":
  version "4.5.10"
  resolved "https://registry.yarnpkg.com/@feathersjs/feathers/-/feathers-4.5.10.tgz#bef3b9a2362503b23ca8292426c494725f2192fa"
  integrity sha512-7NURB+Rc/CeoBmPFaCc6BCAlgxrJUbvhBYDzG4+koLaw9kAabbqhEOfb/KyqVQodbIWDFQjWS/IXYxjNYlrWeg==
  dependencies:
    "@feathersjs/commons" "^4.5.10"
    debug "^4.2.0"
    events "^3.2.0"
    uberproto "^2.0.6"

"@feathersjs/vuex-commons@^0.0.2-pre.4":
  version "0.0.2-pre.4"
  resolved "https://registry.yarnpkg.com/@feathersjs/vuex-commons/-/vuex-commons-0.0.2-pre.4.tgz#0ae491dcab32abb9cd3619e20e9f84b9770d5581"
  integrity sha512-OeT0HJhm+eveE511J5GWmbQKbfTi1akzwZyHFLu6feRjGkGbYotKHWlPjvbaR5jH7rAgGrSjD4HqFcKdmmfjSA==
  dependencies:
    "@feathersjs/adapter-commons" "^4.5.2"
    "@feathersjs/commons" "^4.5.3"
    "@feathersjs/errors" "^4.5.3"
    "@types/feathersjs__feathers" "^3.1.5"
    "@types/inflection" "^1.5.28"
    "@types/lodash" "^4.14.150"
    "@types/npm" "^2.0.31"
    bson-objectid "^1.3.0"
    debug "^4.1.1"
    events "^3.1.0"
    fast-copy "^2.1.0"
    fast-json-stable-stringify "^2.1.0"
    inflection "^1.12.0"
    jwt-decode "^2.2.0"
    lodash "^4.17.15"
    serialize-error "^5.0.0"
    sift "^9.0.4"
    vue-demi latest

"@types/feathersjs__feathers@^3.1.5":
  version "3.1.7"
  resolved "https://registry.yarnpkg.com/@types/feathersjs__feathers/-/feathersjs__feathers-3.1.7.tgz#8832b8a02bc0f026d8ef61c8551f1971571a2d16"
  integrity sha512-q5B8ACiL2YgjOH5YFWmRpDUBududrK/XRe3oeYVua/JUu88WQI3HC2ka3/3wdTN3B7IDkveWXLeKOyW3vee8dw==
  dependencies:
    "@types/node" "*"

"@types/inflection@^1.5.28":
  version "1.5.28"
  resolved "https://registry.yarnpkg.com/@types/inflection/-/inflection-1.5.28.tgz#43d55e0d72cf333a2dffd9c4ec0407455a1b0931"
  integrity sha1-Q9VeDXLPMzot/9nE7AQHRVobCTE=

"@types/lodash@^4.14.150":
  version "4.14.165"
  resolved "https://registry.yarnpkg.com/@types/lodash/-/lodash-4.14.165.tgz#74d55d947452e2de0742bad65270433b63a8c30f"
  integrity sha512-tjSSOTHhI5mCHTy/OOXYIhi2Wt1qcbHmuXD1Ha7q70CgI/I71afO4XtLb/cVexki1oVYchpul/TOuu3Arcdxrg==

"@types/node@*":
  version "14.14.10"
  resolved "https://registry.yarnpkg.com/@types/node/-/node-14.14.10.tgz#5958a82e41863cfc71f2307b3748e3491ba03785"
  integrity sha512-J32dgx2hw8vXrSbu4ZlVhn1Nm3GbeCFNw2FWL8S5QKucHGY0cyNwjdQdO+KMBZ4wpmC7KhLCiNsdk1RFRIYUQQ==

"@types/npm@^2.0.31":
  version "2.0.31"
  resolved "https://registry.yarnpkg.com/@types/npm/-/npm-2.0.31.tgz#aad3aef7e165f2911a052abf548fbcc1bb468577"
  integrity sha512-v4JpUx83wVGItleYsnYeZrM8NTLSnYDfTE/iGm4owy6zZPNFNmnsvvrxiYtG3cVHt/XutzTjUBQ9Bh8bnvEkCw==
  dependencies:
    "@types/node" "*"

balanced-match@^1.0.0:
  version "1.0.0"
  resolved "https://registry.yarnpkg.com/balanced-match/-/balanced-match-1.0.0.tgz#89b4d199ab2bee49de164ea02b89ce462d71b767"
  integrity sha1-ibTRmasr7kneFk6gK4nORi1xt2c=

brace-expansion@^1.1.7:
  version "1.1.11"
  resolved "https://registry.yarnpkg.com/brace-expansion/-/brace-expansion-1.1.11.tgz#3c7fcbf529d87226f3d2f52b966ff5271eb441dd"
  integrity sha512-iCuPHDFgrHX7H2vEI/5xpz07zSHB00TpugqhmYtVmMO6518mCuRMoOYFldEBl0g187ufozdaHgWKcYFb61qGiA==
  dependencies:
    balanced-match "^1.0.0"
    concat-map "0.0.1"

bson-objectid@^1.3.0:
  version "1.3.1"
  resolved "https://registry.yarnpkg.com/bson-objectid/-/bson-objectid-1.3.1.tgz#11e4ce4c3419161fd388113781bb62c1dfbce34b"
  integrity sha512-eQBNQXsisEAXlwiSy8zRNZdW2xDBJaEVkTPbodYR9hGxxtE548Qq7ilYOd8WAQ86xF7NRUdiWSQ1pa/TkKiE2A==

concat-map@0.0.1:
  version "0.0.1"
  resolved "https://registry.yarnpkg.com/concat-map/-/concat-map-0.0.1.tgz#d8a96bd77fd68df7793a73036a3ba0d5405d477b"
  integrity sha1-2Klr13/Wjfd5OnMDajug1UBdR3s=

debug@^4.1.1, debug@^4.2.0:
  version "4.3.1"
  resolved "https://registry.yarnpkg.com/debug/-/debug-4.3.1.tgz#f0d229c505e0c6d8c49ac553d1b13dc183f6b2ee"
  integrity sha512-doEwdvm4PCeK4K3RQN2ZC2BYUBaxwLARCqZmMjtF8a51J2Rb0xpVloFRnCODwqjpwnAoao4pelN8l3RJdv3gRQ==
  dependencies:
    ms "2.1.2"

events@^3.1.0, events@^3.2.0:
  version "3.2.0"
  resolved "https://registry.yarnpkg.com/events/-/events-3.2.0.tgz#93b87c18f8efcd4202a461aec4dfc0556b639379"
  integrity sha512-/46HWwbfCX2xTawVfkKLGxMifJYQBWMwY1mjywRtb4c9x8l5NP3KoJtnIOiL1hfdRkIuYhETxQlo62IF8tcnlg==

fast-copy@^2.1.0:
  version "2.1.0"
  resolved "https://registry.yarnpkg.com/fast-copy/-/fast-copy-2.1.0.tgz#99c1b842aee063f8212d6f749080c196a822b293"
  integrity sha512-j4VxAVJsu9NHveYrIj0+nJxXe2lOlibKTlyy0jH8DBwcuV6QyXTy0zTqZhmMKo7EYvuaUk/BFj/o6NU6grE5ag==

fast-json-stable-stringify@^2.1.0:
  version "2.1.0"
  resolved "https://registry.yarnpkg.com/fast-json-stable-stringify/-/fast-json-stable-stringify-2.1.0.tgz#874bf69c6f404c2b5d99c481341399fd55892633"
  integrity sha512-lhd/wF+Lk98HZoTCtlVraHtfh5XYijIjalXck7saUtuanSDyLMxnHhSXEDJqHxD7msR8D0uCmqlkwjCV8xvwHw==

fs.realpath@^1.0.0:
  version "1.0.0"
  resolved "https://registry.yarnpkg.com/fs.realpath/-/fs.realpath-1.0.0.tgz#1504ad2523158caa40db4a2787cb01411994ea4f"
  integrity sha1-FQStJSMVjKpA20onh8sBQRmU6k8=

function-bind@^1.1.1:
  version "1.1.1"
  resolved "https://registry.yarnpkg.com/function-bind/-/function-bind-1.1.1.tgz#a56899d3ea3c9bab874bb9773b7c5ede92f4895d"
  integrity sha512-yIovAzMX49sF8Yl58fSCWJ5svSLuaibPxXQJFLmBObTuCr0Mf1KiPopGM9NiFjiYBCbfaa2Fh6breQ6ANVTI0A==

glob@^7.0.0:
  version "7.1.6"
  resolved "https://registry.yarnpkg.com/glob/-/glob-7.1.6.tgz#141f33b81a7c2492e125594307480c46679278a6"
  integrity sha512-LwaxwyZ72Lk7vZINtNNrywX0ZuLyStrdDtabefZKAY5ZGJhVtgdznluResxNmPitE0SAO+O26sWTHeKSI2wMBA==
  dependencies:
    fs.realpath "^1.0.0"
    inflight "^1.0.4"
    inherits "2"
    minimatch "^3.0.4"
    once "^1.3.0"
    path-is-absolute "^1.0.0"

has@^1.0.3:
  version "1.0.3"
  resolved "https://registry.yarnpkg.com/has/-/has-1.0.3.tgz#722d7cbfc1f6aa8241f16dd814e011e1f41e8796"
  integrity sha512-f2dvO0VU6Oej7RkWJGrehjbzMAjFp5/VKPp5tTpWIV4JHHZK1/BxbFRtf/siA2SWTe09caDmVtYYzWEIbBS4zw==
  dependencies:
    function-bind "^1.1.1"

inflection@^1.12.0:
  version "1.12.0"
  resolved "https://registry.yarnpkg.com/inflection/-/inflection-1.12.0.tgz#a200935656d6f5f6bc4dc7502e1aecb703228416"
  integrity sha1-ogCTVlbW9fa8TcdQLhrstwMihBY=

inflight@^1.0.4:
  version "1.0.6"
  resolved "https://registry.yarnpkg.com/inflight/-/inflight-1.0.6.tgz#49bd6331d7d02d0c09bc910a1075ba8165b56df9"
  integrity sha1-Sb1jMdfQLQwJvJEKEHW6gWW1bfk=
  dependencies:
    once "^1.3.0"
    wrappy "1"

inherits@2:
  version "2.0.4"
  resolved "https://registry.yarnpkg.com/inherits/-/inherits-2.0.4.tgz#0fa2c64f932917c3433a0ded55363aae37416b7c"
  integrity sha512-k/vGaX4/Yla3WzyMCvTQOXYeIHvqOKtnqBduzTHpzpQZzAskKMhZ2K+EnBiSM9zGSoIFeMpXKxa4dYeZIQqewQ==

interpret@^1.0.0:
  version "1.4.0"
  resolved "https://registry.yarnpkg.com/interpret/-/interpret-1.4.0.tgz#665ab8bc4da27a774a40584e812e3e0fa45b1a1e"
  integrity sha512-agE4QfB2Lkp9uICn7BAqoscw4SZP9kTE2hxiFI3jBPmXJfdqiahTbUuKGsMoN2GtqL9AxhYioAcVvgsb1HvRbA==

is-core-module@^2.1.0:
  version "2.2.0"
  resolved "https://registry.yarnpkg.com/is-core-module/-/is-core-module-2.2.0.tgz#97037ef3d52224d85163f5597b2b63d9afed981a"
  integrity sha512-XRAfAdyyY5F5cOXn7hYQDqh2Xmii+DEfIcQGxK/uNwMHhIkPWO0g8msXcbzLe+MpGoR951MlqM/2iIlU4vKDdQ==
  dependencies:
    has "^1.0.3"

jwt-decode@^2.2.0:
  version "2.2.0"
  resolved "https://registry.yarnpkg.com/jwt-decode/-/jwt-decode-2.2.0.tgz#7d86bd56679f58ce6a84704a657dd392bba81a79"
  integrity sha1-fYa9VmefWM5qhHBKZX3TkruoGnk=

lodash@^4.17.15:
  version "4.17.20"
  resolved "https://registry.yarnpkg.com/lodash/-/lodash-4.17.20.tgz#b44a9b6297bcb698f1c51a3545a2b3b368d59c52"
  integrity sha512-PlhdFcillOINfeV7Ni6oF1TAEayyZBoZ8bcshTHqOYJYlrqzRK5hagpagky5o4HfCzzd1TRkXPMFq6cKk9rGmA==

minimatch@^3.0.4:
  version "3.0.4"
  resolved "https://registry.yarnpkg.com/minimatch/-/minimatch-3.0.4.tgz#5166e286457f03306064be5497e8dbb0c3d32083"
  integrity sha512-yJHVQEhyqPLUTgt9B83PXu6W3rx4MvvHvSUvToogpwoGDOUQ+yDrR0HRot+yOCdCO7u4hX3pWft6kWBBcqh0UA==
  dependencies:
    brace-expansion "^1.1.7"

minimist@^1.2.3:
  version "1.2.5"
  resolved "https://registry.yarnpkg.com/minimist/-/minimist-1.2.5.tgz#67d66014b66a6a8aaa0c083c5fd58df4e4e97602"
  integrity sha512-FM9nNUYrRBAELZQT3xeZQ7fmMOBg6nWNmJKTcgsJeaLstP/UODVpGsr5OhXhhXg6f+qtJ8uiZ+PUxkDWcgIXLw==

ms@2.1.2:
  version "2.1.2"
  resolved "https://registry.yarnpkg.com/ms/-/ms-2.1.2.tgz#d09d1f357b443f493382a8eb3ccd183872ae6009"
  integrity sha512-sGkPx+VjMtmA6MX27oA4FBFELFCZZ4S4XqeGOXCv68tT+jb3vk/RyaKWP0PTKyWtmLSM0b+adUTEvbs1PEaH2w==

once@^1.3.0:
  version "1.4.0"
  resolved "https://registry.yarnpkg.com/once/-/once-1.4.0.tgz#583b1aa775961d4b113ac17d9c50baef9dd76bd1"
  integrity sha1-WDsap3WWHUsROsF9nFC6753Xa9E=
  dependencies:
    wrappy "1"

path-is-absolute@^1.0.0:
  version "1.0.1"
  resolved "https://registry.yarnpkg.com/path-is-absolute/-/path-is-absolute-1.0.1.tgz#174b9268735534ffbc7ace6bf53a5a9e1b5c5f5f"
  integrity sha1-F0uSaHNVNP+8es5r9TpanhtcX18=

path-parse@^1.0.6:
  version "1.0.6"
  resolved "https://registry.yarnpkg.com/path-parse/-/path-parse-1.0.6.tgz#d62dbb5679405d72c4737ec58600e9ddcf06d24c"
  integrity sha512-GSmOT2EbHrINBf9SR7CDELwlJ8AENk3Qn7OikK4nFYAu3Ote2+JYNVvkpAEQm3/TLNEJFD/xZJjzyxg3KBWOzw==

rechoir@^0.6.2:
  version "0.6.2"
  resolved "https://registry.yarnpkg.com/rechoir/-/rechoir-0.6.2.tgz#85204b54dba82d5742e28c96756ef43af50e3384"
  integrity sha1-hSBLVNuoLVdC4oyWdW70OvUOM4Q=
  dependencies:
    resolve "^1.1.6"

resolve@^1.1.6:
  version "1.19.0"
  resolved "https://registry.yarnpkg.com/resolve/-/resolve-1.19.0.tgz#1af5bf630409734a067cae29318aac7fa29a267c"
  integrity sha512-rArEXAgsBG4UgRGcynxWIWKFvh/XZCcS8UJdHhwy91zwAvCZIbcs+vAbflgBnNjYMs/i/i+/Ux6IZhML1yPvxg==
  dependencies:
    is-core-module "^2.1.0"
    path-parse "^1.0.6"

serialize-error@^5.0.0:
  version "5.0.0"
  resolved "https://registry.yarnpkg.com/serialize-error/-/serialize-error-5.0.0.tgz#a7ebbcdb03a5d71a6ed8461ffe0fc1a1afed62ac"
  integrity sha512-/VtpuyzYf82mHYTtI4QKtwHa79vAdU5OQpNPAmE/0UDdlGT0ZxHwC+J6gXkw29wwoVI8fMPsfcVHOwXtUQYYQA==
  dependencies:
    type-fest "^0.8.0"

serialize-error@^7.0.1:
  version "7.0.1"
  resolved "https://registry.yarnpkg.com/serialize-error/-/serialize-error-7.0.1.tgz#f1360b0447f61ffb483ec4157c737fab7d778e18"
  integrity sha512-8I8TjW5KMOKsZQTvoxjuSIa7foAwPWGOts+6o7sgjz41/qMD9VQHEDxi6PBvK2l0MXUmqZyNpUK+T2tQaaElvw==
  dependencies:
    type-fest "^0.13.1"

shelljs@^0.8.4:
  version "0.8.4"
  resolved "https://registry.yarnpkg.com/shelljs/-/shelljs-0.8.4.tgz#de7684feeb767f8716b326078a8a00875890e3c2"
  integrity sha512-7gk3UZ9kOfPLIAbslLzyWeGiEqx9e3rxwZM0KE6EL8GlGwjym9Mrlx5/p33bWTu9YG6vcS4MBxYZDHYr5lr8BQ==
  dependencies:
    glob "^7.0.0"
    interpret "^1.0.0"
    rechoir "^0.6.2"

shx@^0.3.3:
  version "0.3.3"
  resolved "https://registry.yarnpkg.com/shx/-/shx-0.3.3.tgz#681a88c7c10db15abe18525349ed474f0f1e7b9f"
  integrity sha512-nZJ3HFWVoTSyyB+evEKjJ1STiixGztlqwKLTUNV5KqMWtGey9fTd4KU1gdZ1X9BV6215pswQ/Jew9NsuS/fNDA==
  dependencies:
    minimist "^1.2.3"
    shelljs "^0.8.4"

sift@^9.0.4:
  version "9.0.7"
  resolved "https://registry.yarnpkg.com/sift/-/sift-9.0.7.tgz#7b6e10466d9c3d580f87bef8670b26da9acc7786"
  integrity sha512-q8Wvt15s0UJfIgVBEupXwITi8AKoHwCZbIO/bz+YMgEZRPh5qj/gjvYtqhKjHWe9srbuq5DyYeRyWPVjkOihPg==

type-fest@^0.13.1:
  version "0.13.1"
  resolved "https://registry.yarnpkg.com/type-fest/-/type-fest-0.13.1.tgz#0172cb5bce80b0bd542ea348db50c7e21834d934"
  integrity sha512-34R7HTnG0XIJcBSn5XhDd7nNFPRcXYRZrBB2O2jdKqYODldSzBAqzsWoZYYvduky73toYS/ESqxPvkDf/F0XMg==

type-fest@^0.8.0:
  version "0.8.1"
  resolved "https://registry.yarnpkg.com/type-fest/-/type-fest-0.8.1.tgz#09e249ebde851d3b1e48d27c105444667f17b83d"
  integrity sha512-4dbzIzqvjtgiM5rw1k5rEHtBANKmdudhGyBEajN01fEyhaAIhsoKNy6y7+IN93IfpFtwY9iqi7kD+xwKhQsNJA==

uberproto@^2.0.6:
  version "2.0.6"
  resolved "https://registry.yarnpkg.com/uberproto/-/uberproto-2.0.6.tgz#709274d183bce6fb734dfd3880d2086ed72b69e5"
  integrity sha512-68H97HffZoFaa3HFtpstahWorN9dSp5uTU6jo3GjIQ6JkJBR3hC2Nx/e/HFOoYHdUyT/Z1MRWfxN1EiQJZUyCQ==

vue-demi@latest:
  version "0.4.5"
  resolved "https://registry.yarnpkg.com/vue-demi/-/vue-demi-0.4.5.tgz#ea422a4468cb6321a746826a368a770607f87791"
  integrity sha512-51xf1B6hV2PfjnzYHO/yUForFCRQ49KS8ngQb5T6l1HDEmfghTFtsxtRa5tbx4eqQsH76ll/0gIxuf1gei0ubw==

wrappy@1:
  version "1.0.2"
  resolved "https://registry.yarnpkg.com/wrappy/-/wrappy-1.0.2.tgz#b5243d8f3ec1aa35f1364605bc0d1036e30ab69f"
  integrity sha1-tSQ9jz7BqjXxNkYFvA0QNuMKtp8=
