{
	"name": "@feathersjs/vuex-commons",
	"version": "0.0.2-pre.1",
	"lockfileVersion": 1,
	"requires": true,
	"dependencies": {
		"vue-demi": {
			"version": "0.4.5",
			"resolved": "https://registry.npmjs.org/vue-demi/-/vue-demi-0.4.5.tgz",
			"integrity": "sha512-51xf1B6hV2PfjnzYHO/yUForFCRQ49KS8ngQb5T6l1HDEmfghTFtsxtRa5tbx4eqQsH76ll/0gIxuf1gei0ubw=="
		}
	}
}
