# THIS IS AN AUTOGENERATED FILE. DO NOT EDIT THIS FILE DIRECTLY.
# yarn lockfile v1


lodash@^4.17.20:
  version "4.17.20"
  resolved "https://registry.yarnpkg.com/lodash/-/lodash-4.17.20.tgz#b44a9b6297bcb698f1c51a3545a2b3b368d59c52"
  integrity sha512-PlhdFcillOINfeV7Ni6oF1TAEayyZBoZ8bcshTHqOYJYlrqzRK5hagpagky5o4HfCzzd1TRkXPMFq6cKk9rGmA==

vue-demi@latest:
  version "0.4.5"
  resolved "https://registry.yarnpkg.com/vue-demi/-/vue-demi-0.4.5.tgz#ea422a4468cb6321a746826a368a770607f87791"
  integrity sha512-51xf1B6hV2PfjnzYHO/yUForFCRQ49KS8ngQb5T6l1HDEmfghTFtsxtRa5tbx4eqQsH76ll/0gIxuf1gei0ubw==
